<?xml version="1.0" encoding="utf-8"?>
<Project ToolsVersion="4.0" xmlns="http://schemas.microsoft.com/developer/msbuild/2003">
  <ItemGroup>
    <Filter Include="Source Files">
      <UniqueIdentifier>{4FC737F1-C7A5-4376-A066-2A32D752A2FF}</UniqueIdentifier>
      <Extensions>cpp;c;cc;cxx;def;odl;idl;hpj;bat;asm;asmx</Extensions>
    </Filter>
    <Filter Include="Header Files">
      <UniqueIdentifier>{93995380-89BD-4b04-88EB-625FBE52EBFB}</UniqueIdentifier>
      <Extensions>h;hh;hpp;hxx;hm;inl;inc;ipp;xsd</Extensions>
    </Filter>
    <Filter Include="Resource Files">
      <UniqueIdentifier>{67DA6AB6-F800-4c08-8B7A-83BB121AAD01}</UniqueIdentifier>
      <Extensions>rc;ico;cur;bmp;dlg;rc2;rct;bin;rgs;gif;jpg;jpeg;jpe;resx;tiff;tif;png;wav;mfcribbon-ms</Extensions>
    </Filter>
    <Filter Include="Header Files\classes">
      <UniqueIdentifier>{3352e344-a4b9-422a-9aa2-18b9f80cf0d4}</UniqueIdentifier>
    </Filter>
    <Filter Include="Source Files\classes">
      <UniqueIdentifier>{a29f0f70-2020-484d-b09c-ea87d566885b}</UniqueIdentifier>
    </Filter>
  </ItemGroup>
  <ItemGroup>
    <ClInclude Include="cApp.hpp">
      <Filter>Header Files</Filter>
    </ClInclude>
    <ClInclude Include="cMain.hpp">
      <Filter>Header Files</Filter>
    </ClInclude>
    <ClInclude Include="AddWindow.hpp">
      <Filter>Header Files</Filter>
    </ClInclude>
    <ClInclude Include="lib\Item.hpp">
      <Filter>Header Files\classes</Filter>
    </ClInclude>
    <ClInclude Include="lib\Category.hpp">
      <Filter>Header Files\classes</Filter>
    </ClInclude>
    <ClInclude Include="dbHelper.hpp">
      <Filter>Header Files</Filter>
    </ClInclude>
  </ItemGroup>
  <ItemGroup>
    <ClCompile Include="cApp.cpp">
      <Filter>Source Files</Filter>
    </ClCompile>
    <ClCompile Include="cMain.cpp">
      <Filter>Source Files</Filter>
    </ClCompile>
    <ClCompile Include="AddWindow.cpp">
      <Filter>Source Files</Filter>
    </ClCompile>
    <ClCompile Include="lib\Item.cpp">
      <Filter>Source Files\classes</Filter>
    </ClCompile>
    <ClCompile Include="lib\Category.cpp">
      <Filter>Source Files\classes</Filter>
    </ClCompile>
    <ClCompile Include="dbHelper.cpp">
      <Filter>Source Files</Filter>
    </ClCompile>
  </ItemGroup>
</Project>